// !$*UTF8*$!
{
	archiveVersion = 1;
	classes = {
	};
	objectVersion = 48;
	objects = {

/* Begin PBXBuildFile section */
		2297760E1FD75844004F33F9 /* main.c in Sources */ = {isa = PBXBuildFile; fileRef = 2297760D1FD75844004F33F9 /* main.c */; };
		229776201FD75887004F33F9 /* objFuncs.c in Sources */ = {isa = PBXBuildFile; fileRef = 229776141FD75885004F33F9 /* objFuncs.c */; };
		229776211FD75887004F33F9 /* transformFuncs.c in Sources */ = {isa = PBXBuildFile; fileRef = 229776151FD75885004F33F9 /* transformFuncs.c */; };
		229776221FD75887004F33F9 /* vecMatOps.c in Sources */ = {isa = PBXBuildFile; fileRef = 229776181FD75886004F33F9 /* vecMatOps.c */; };
		229776231FD75887004F33F9 /* initShader.c in Sources */ = {isa = PBXBuildFile; fileRef = 2297761B1FD75886004F33F9 /* initShader.c */; };
		229776241FD75887004F33F9 /* viewFuncs.c in Sources */ = {isa = PBXBuildFile; fileRef = 2297761F1FD75887004F33F9 /* viewFuncs.c */; };
/* End PBXBuildFile section */

/* Begin PBXCopyFilesBuildPhase section */
		229776081FD75844004F33F9 /* CopyFiles */ = {
			isa = PBXCopyFilesBuildPhase;
			buildActionMask = 2147483647;
			dstPath = /usr/share/man/man1/;
			dstSubfolderSpec = 0;
			files = (
			);
			runOnlyForDeploymentPostprocessing = 1;
		};
/* End PBXCopyFilesBuildPhase section */

/* Begin PBXFileReference section */
		2297760A1FD75844004F33F9 /* CreativeProject4 */ = {isa = PBXFileReference; explicitFileType = "compiled.mach-o.executable"; includeInIndex = 0; path = CreativeProject4; sourceTree = BUILT_PRODUCTS_DIR; };
		2297760D1FD75844004F33F9 /* main.c */ = {isa = PBXFileReference; lastKnownFileType = sourcecode.c.c; path = main.c; sourceTree = "<group>"; };
		229776141FD75885004F33F9 /* objFuncs.c */ = {isa = PBXFileReference; fileEncoding = 4; lastKnownFileType = sourcecode.c.c; path = objFuncs.c; sourceTree = "<group>"; };
		229776151FD75885004F33F9 /* transformFuncs.c */ = {isa = PBXFileReference; fileEncoding = 4; lastKnownFileType = sourcecode.c.c; path = transformFuncs.c; sourceTree = "<group>"; };
		229776161FD75886004F33F9 /* types.h */ = {isa = PBXFileReference; fileEncoding = 4; lastKnownFileType = sourcecode.c.h; path = types.h; sourceTree = "<group>"; };
		229776171FD75886004F33F9 /* transformFuncs.h */ = {isa = PBXFileReference; fileEncoding = 4; lastKnownFileType = sourcecode.c.h; path = transformFuncs.h; sourceTree = "<group>"; };
		229776181FD75886004F33F9 /* vecMatOps.c */ = {isa = PBXFileReference; fileEncoding = 4; lastKnownFileType = sourcecode.c.c; path = vecMatOps.c; sourceTree = "<group>"; };
		229776191FD75886004F33F9 /* objFuncs.h */ = {isa = PBXFileReference; fileEncoding = 4; lastKnownFileType = sourcecode.c.h; path = objFuncs.h; sourceTree = "<group>"; };
		2297761A1FD75886004F33F9 /* shapeVecs.h */ = {isa = PBXFileReference; fileEncoding = 4; lastKnownFileType = sourcecode.c.h; path = shapeVecs.h; sourceTree = "<group>"; };
		2297761B1FD75886004F33F9 /* initShader.c */ = {isa = PBXFileReference; fileEncoding = 4; lastKnownFileType = sourcecode.c.c; path = initShader.c; sourceTree = "<group>"; };
		2297761C1FD75887004F33F9 /* initShader.h */ = {isa = PBXFileReference; fileEncoding = 4; lastKnownFileType = sourcecode.c.h; path = initShader.h; sourceTree = "<group>"; };
		2297761D1FD75887004F33F9 /* vecMatOps.h */ = {isa = PBXFileReference; fileEncoding = 4; lastKnownFileType = sourcecode.c.h; path = vecMatOps.h; sourceTree = "<group>"; };
		2297761E1FD75887004F33F9 /* viewFuncs.h */ = {isa = PBXFileReference; fileEncoding = 4; lastKnownFileType = sourcecode.c.h; path = viewFuncs.h; sourceTree = "<group>"; };
		2297761F1FD75887004F33F9 /* viewFuncs.c */ = {isa = PBXFileReference; fileEncoding = 4; lastKnownFileType = sourcecode.c.c; path = viewFuncs.c; sourceTree = "<group>"; };
		229776251FD758E3004F33F9 /* vshader.glsl */ = {isa = PBXFileReference; fileEncoding = 4; lastKnownFileType = text; name = vshader.glsl; path = "../../../../Library/Developer/Xcode/DerivedData/CreativeProject4-dzdkvoduhgrmhfesldvvrugbcfbb/Build/Products/Debug/vshader.glsl"; sourceTree = "<group>"; };
		229776261FD758E3004F33F9 /* fshader.glsl */ = {isa = PBXFileReference; fileEncoding = 4; lastKnownFileType = text; name = fshader.glsl; path = "../../../../Library/Developer/Xcode/DerivedData/CreativeProject4-dzdkvoduhgrmhfesldvvrugbcfbb/Build/Products/Debug/fshader.glsl"; sourceTree = "<group>"; };
/* End PBXFileReference section */

/* Begin PBXFrameworksBuildPhase section */
		229776071FD75844004F33F9 /* Frameworks */ = {
			isa = PBXFrameworksBuildPhase;
			buildActionMask = 2147483647;
			files = (
			);
			runOnlyForDeploymentPostprocessing = 0;
		};
/* End PBXFrameworksBuildPhase section */

/* Begin PBXGroup section */
		229776011FD75844004F33F9 = {
			isa = PBXGroup;
			children = (
				2297760C1FD75844004F33F9 /* CreativeProject4 */,
				2297760B1FD75844004F33F9 /* Products */,
				229776261FD758E3004F33F9 /* fshader.glsl */,
				229776251FD758E3004F33F9 /* vshader.glsl */,
			);
			sourceTree = "<group>";
		};
		2297760B1FD75844004F33F9 /* Products */ = {
			isa = PBXGroup;
			children = (
				2297760A1FD75844004F33F9 /* CreativeProject4 */,
			);
			name = Products;
			sourceTree = "<group>";
		};
		2297760C1FD75844004F33F9 /* CreativeProject4 */ = {
			isa = PBXGroup;
			children = (
				2297760D1FD75844004F33F9 /* main.c */,
				2297761B1FD75886004F33F9 /* initShader.c */,
				2297761C1FD75887004F33F9 /* initShader.h */,
				229776141FD75885004F33F9 /* objFuncs.c */,
				229776191FD75886004F33F9 /* objFuncs.h */,
				2297761A1FD75886004F33F9 /* shapeVecs.h */,
				229776151FD75885004F33F9 /* transformFuncs.c */,
				229776171FD75886004F33F9 /* transformFuncs.h */,
				229776161FD75886004F33F9 /* types.h */,
				229776181FD75886004F33F9 /* vecMatOps.c */,
				2297761D1FD75887004F33F9 /* vecMatOps.h */,
				2297761F1FD75887004F33F9 /* viewFuncs.c */,
				2297761E1FD75887004F33F9 /* viewFuncs.h */,
			);
			path = CreativeProject4;
			sourceTree = "<group>";
		};
/* End PBXGroup section */

/* Begin PBXNativeTarget section */
		229776091FD75844004F33F9 /* CreativeProject4 */ = {
			isa = PBXNativeTarget;
			buildConfigurationList = 229776111FD75844004F33F9 /* Build configuration list for PBXNativeTarget "CreativeProject4" */;
			buildPhases = (
				229776061FD75844004F33F9 /* Sources */,
				229776071FD75844004F33F9 /* Frameworks */,
				229776081FD75844004F33F9 /* CopyFiles */,
			);
			buildRules = (
			);
			dependencies = (
			);
			name = CreativeProject4;
			productName = CreativeProject4;
			productReference = 2297760A1FD75844004F33F9 /* CreativeProject4 */;
			productType = "com.apple.product-type.tool";
		};
/* End PBXNativeTarget section */

/* Begin PBXProject section */
		229776021FD75844004F33F9 /* Project object */ = {
			isa = PBXProject;
			attributes = {
				LastUpgradeCheck = 0910;
				ORGANIZATIONNAME = "Sam Nosenzo";
				TargetAttributes = {
					229776091FD75844004F33F9 = {
						CreatedOnToolsVersion = 9.1;
						ProvisioningStyle = Automatic;
					};
				};
			};
			buildConfigurationList = 229776051FD75844004F33F9 /* Build configuration list for PBXProject "CreativeProject4" */;
			compatibilityVersion = "Xcode 8.0";
			developmentRegion = en;
			hasScannedForEncodings = 0;
			knownRegions = (
				en,
			);
			mainGroup = 229776011FD75844004F33F9;
			productRefGroup = 2297760B1FD75844004F33F9 /* Products */;
			projectDirPath = "";
			projectRoot = "";
			targets = (
				229776091FD75844004F33F9 /* CreativeProject4 */,
			);
		};
/* End PBXProject section */

/* Begin PBXSourcesBuildPhase section */
		229776061FD75844004F33F9 /* Sources */ = {
			isa = PBXSourcesBuildPhase;
			buildActionMask = 2147483647;
			files = (
				2297760E1FD75844004F33F9 /* main.c in Sources */,
				229776231FD75887004F33F9 /* initShader.c in Sources */,
				229776211FD75887004F33F9 /* transformFuncs.c in Sources */,
				229776221FD75887004F33F9 /* vecMatOps.c in Sources */,
				229776241FD75887004F33F9 /* viewFuncs.c in Sources */,
				229776201FD75887004F33F9 /* objFuncs.c in Sources */,
			);
			runOnlyForDeploymentPostprocessing = 0;
		};
/* End PBXSourcesBuildPhase section */

/* Begin XCBuildConfiguration section */
		2297760F1FD75844004F33F9 /* Debug */ = {
			isa = XCBuildConfiguration;
			buildSettings = {
				ALWAYS_SEARCH_USER_PATHS = NO;
				CLANG_ANALYZER_NONNULL = YES;
				CLANG_ANALYZER_NUMBER_OBJECT_CONVERSION = YES_AGGRESSIVE;
				CLANG_CXX_LANGUAGE_STANDARD = "gnu++14";
				CLANG_CXX_LIBRARY = "libc++";
				CLANG_ENABLE_MODULES = YES;
				CLANG_ENABLE_OBJC_ARC = YES;
				CLANG_WARN_BLOCK_CAPTURE_AUTORELEASING = YES;
				CLANG_WARN_BOOL_CONVERSION = YES;
				CLANG_WARN_COMMA = YES;
				CLANG_WARN_CONSTANT_CONVERSION = YES;
				CLANG_WARN_DIRECT_OBJC_ISA_USAGE = YES_ERROR;
				CLANG_WARN_DOCUMENTATION_COMMENTS = YES;
				CLANG_WARN_EMPTY_BODY = YES;
				CLANG_WARN_ENUM_CONVERSION = YES;
				CLANG_WARN_INFINITE_RECURSION = YES;
				CLANG_WARN_INT_CONVERSION = YES;
				CLANG_WARN_NON_LITERAL_NULL_CONVERSION = YES;
				CLANG_WARN_OBJC_LITERAL_CONVERSION = YES;
				CLANG_WARN_OBJC_ROOT_CLASS = YES_ERROR;
				CLANG_WARN_RANGE_LOOP_ANALYSIS = YES;
				CLANG_WARN_STRICT_PROTOTYPES = YES;
				CLANG_WARN_SUSPICIOUS_MOVE = YES;
				CLANG_WARN_UNGUARDED_AVAILABILITY = YES_AGGRESSIVE;
				CLANG_WARN_UNREACHABLE_CODE = YES;
				CLANG_WARN__DUPLICATE_METHOD_MATCH = YES;
				CODE_SIGN_IDENTITY = "-";
				COPY_PHASE_STRIP = NO;
				DEBUG_INFORMATION_FORMAT = dwarf;
				ENABLE_STRICT_OBJC_MSGSEND = YES;
				ENABLE_TESTABILITY = YES;
				GCC_C_LANGUAGE_STANDARD = gnu11;
				GCC_DYNAMIC_NO_PIC = NO;
				GCC_NO_COMMON_BLOCKS = YES;
				GCC_OPTIMIZATION_LEVEL = 0;
				GCC_PREPROCESSOR_DEFINITIONS = (
					"DEBUG=1",
					"$(inherited)",
				);
				GCC_WARN_64_TO_32_BIT_CONVERSION = YES;
				GCC_WARN_ABOUT_RETURN_TYPE = YES_ERROR;
				GCC_WARN_UNDECLARED_SELECTOR = YES;
				GCC_WARN_UNINITIALIZED_AUTOS = YES_AGGRESSIVE;
				GCC_WARN_UNUSED_FUNCTION = YES;
				GCC_WARN_UNUSED_VARIABLE = YES;
				MACOSX_DEPLOYMENT_TARGET = 10.13;
				MTL_ENABLE_DEBUG_INFO = YES;
				ONLY_ACTIVE_ARCH = YES;
				SDKROOT = macosx;
			};
			name = Debug;
		};
		229776101FD75844004F33F9 /* Release */ = {
			isa = XCBuildConfiguration;
			buildSettings = {
				ALWAYS_SEARCH_USER_PATHS = NO;
				CLANG_ANALYZER_NONNULL = YES;
				CLANG_ANALYZER_NUMBER_OBJECT_CONVERSION = YES_AGGRESSIVE;
				CLANG_CXX_LANGUAGE_STANDARD = "gnu++14";
				CLANG_CXX_LIBRARY = "libc++";
				CLANG_ENABLE_MODULES = YES;
				CLANG_ENABLE_OBJC_ARC = YES;
				CLANG_WARN_BLOCK_CAPTURE_AUTORELEASING = YES;
				CLANG_WARN_BOOL_CONVERSION = YES;
				CLANG_WARN_COMMA = YES;
				CLANG_WARN_CONSTANT_CONVERSION = YES;
				CLANG_WARN_DIRECT_OBJC_ISA_USAGE = YES_ERROR;
				CLANG_WARN_DOCUMENTATION_COMMENTS = YES;
				CLANG_WARN_EMPTY_BODY = YES;
				CLANG_WARN_ENUM_CONVERSION = YES;
				CLANG_WARN_INFINITE_RECURSION = YES;
				CLANG_WARN_INT_CONVERSION = YES;
				CLANG_WARN_NON_LITERAL_NULL_CONVERSION = YES;
				CLANG_WARN_OBJC_LITERAL_CONVERSION = YES;
				CLANG_WARN_OBJC_ROOT_CLASS = YES_ERROR;
				CLANG_WARN_RANGE_LOOP_ANALYSIS = YES;
				CLANG_WARN_STRICT_PROTOTYPES = YES;
				CLANG_WARN_SUSPICIOUS_MOVE = YES;
				CLANG_WARN_UNGUARDED_AVAILABILITY = YES_AGGRESSIVE;
				CLANG_WARN_UNREACHABLE_CODE = YES;
				CLANG_WARN__DUPLICATE_METHOD_MATCH = YES;
				CODE_SIGN_IDENTITY = "-";
				COPY_PHASE_STRIP = NO;
				DEBUG_INFORMATION_FORMAT = "dwarf-with-dsym";
				ENABLE_NS_ASSERTIONS = NO;
				ENABLE_STRICT_OBJC_MSGSEND = YES;
				GCC_C_LANGUAGE_STANDARD = gnu11;
				GCC_NO_COMMON_BLOCKS = YES;
				GCC_WARN_64_TO_32_BIT_CONVERSION = YES;
				GCC_WARN_ABOUT_RETURN_TYPE = YES_ERROR;
				GCC_WARN_UNDECLARED_SELECTOR = YES;
				GCC_WARN_UNINITIALIZED_AUTOS = YES_AGGRESSIVE;
				GCC_WARN_UNUSED_FUNCTION = YES;
				GCC_WARN_UNUSED_VARIABLE = YES;
				MACOSX_DEPLOYMENT_TARGET = 10.13;
				MTL_ENABLE_DEBUG_INFO = NO;
				SDKROOT = macosx;
			};
			name = Release;
		};
		229776121FD75844004F33F9 /* Debug */ = {
			isa = XCBuildConfiguration;
			buildSettings = {
				CODE_SIGN_STYLE = Automatic;
				PRODUCT_NAME = "$(TARGET_NAME)";
			};
			name = Debug;
		};
		229776131FD75844004F33F9 /* Release */ = {
			isa = XCBuildConfiguration;
			buildSettings = {
				CODE_SIGN_STYLE = Automatic;
				PRODUCT_NAME = "$(TARGET_NAME)";
			};
			name = Release;
		};
/* End XCBuildConfiguration section */

/* Begin XCConfigurationList section */
		229776051FD75844004F33F9 /* Build configuration list for PBXProject "CreativeProject4" */ = {
			isa = XCConfigurationList;
			buildConfigurations = (
				2297760F1FD75844004F33F9 /* Debug */,
				229776101FD75844004F33F9 /* Release */,
			);
			defaultConfigurationIsVisible = 0;
			defaultConfigurationName = Release;
		};
		229776111FD75844004F33F9 /* Build configuration list for PBXNativeTarget "CreativeProject4" */ = {
			isa = XCConfigurationList;
			buildConfigurations = (
				229776121FD75844004F33F9 /* Debug */,
				229776131FD75844004F33F9 /* Release */,
			);
			defaultConfigurationIsVisible = 0;
			defaultConfigurationName = Release;
		};
/* End XCConfigurationList section */
	};
	rootObject = 229776021FD75844004F33F9 /* Project object */;
}
